
Microsoft Visual Studio Solution File, Format Version 12.00
# Visual Studio Version 17
VisualStudioVersion = 17.0.32112.339
MinimumVisualStudioVersion = 10.0.40219.1
Project("{8BC9CEB8-8B4A-11D0-8D11-00A0C91BC942}") = "WordWheelTests", "WordWheelTests\WordWheelTests.vcxproj", "{7BDE74AC-23F7-4404-881D-004BC7C1026F}"
EndProject
Project("{2150E333-8FDC-42A3-9474-1A3956D46DE8}") = "Solution Items", "Solution Items", "{DF931A6F-EF9D-4AF7-9752-228B3A7C518B}"
	ProjectSection(SolutionItems) = preProject
		.gitignore = .gitignore
	EndProjectSection
EndProject
Global
	GlobalSection(SolutionConfigurationPlatforms) = preSolution
		Debug|x64 = Debug|x64
		Release|x64 = Release|x64
	EndGlobalSection
	GlobalSection(ProjectConfigurationPlatforms) = postSolution
		{7BDE74AC-23F7-4404-881D-004BC7C1026F}.Debug|x64.ActiveCfg = Debug|x64
		{7BDE74AC-23F7-4404-881D-004BC7C1026F}.Debug|x64.Build.0 = Debug|x64
		{7BDE74AC-23F7-4404-881D-004BC7C1026F}.Release|x64.ActiveCfg = Release|x64
		{7BDE74AC-23F7-4404-881D-004BC7C1026F}.Release|x64.Build.0 = Release|x64
	EndGlobalSection
	GlobalSection(SolutionProperties) = preSolution
		HideSolutionNode = FALSE
	EndGlobalSection
	GlobalSection(ExtensibilityGlobals) = postSolution
		SolutionGuid = {03953760-6DB2-4651-92D9-9FE676330DE8}
	EndGlobalSection
EndGlobal
